
Microsoft Visual Studio Solution File, Format Version 12.00
# Visual Studio Version 17
VisualStudioVersion = 17.3.32804.467
MinimumVisualStudioVersion = 10.0.40219.1
Project("{FAE04EC0-301F-11D3-BF4B-00C04F79EFBC}") = "SignalR_Server", "SignalR_Server\SignalR_Server.csproj", "{D8A98D33-C1E2-4481-A6F2-749E5312D890}"
EndProject
Global
	GlobalSection(SolutionConfigurationPlatforms) = preSolution
		Debug|Any CPU = Debug|Any CPU
		Release|Any CPU = Release|Any CPU
	EndGlobalSection
	GlobalSection(ProjectConfigurationPlatforms) = postSolution
		{D8A98D33-C1E2-4481-A6F2-749E5312D890}.Debug|Any CPU.ActiveCfg = Debug|Any CPU
		{D8A98D33-C1E2-4481-A6F2-749E5312D890}.Debug|Any CPU.Build.0 = Debug|Any CPU
		{D8A98D33-C1E2-4481-A6F2-749E5312D890}.Release|Any CPU.ActiveCfg = Release|Any CPU
		{D8A98D33-C1E2-4481-A6F2-749E5312D890}.Release|Any CPU.Build.0 = Release|Any CPU
	EndGlobalSection
	GlobalSection(SolutionProperties) = preSolution
		HideSolutionNode = FALSE
	EndGlobalSection
	GlobalSection(ExtensibilityGlobals) = postSolution
		SolutionGuid = {D766BAFC-294C-407F-B7B0-B344431D511F}
	EndGlobalSection
EndGlobal
